
Microsoft Visual Studio Solution File, Format Version 12.00
# Visual Studio Version 17
VisualStudioVersion = 17.2.32505.173
MinimumVisualStudioVersion = 10.0.40219.1
Project("{9A19103F-16F7-4668-BE54-9A1E7A4F7556}") = "RestSharp_GitHub_Demo", "RestSharp_GitHub_Demo\RestSharp_GitHub_Demo.csproj", "{758189CB-4EAE-4BB2-BB32-AB960F705782}"
EndProject
Project("{FAE04EC0-301F-11D3-BF4B-00C04F79EFBC}") = "TestGitHubApi", "TestGitHubApi\TestGitHubApi.csproj", "{1FEAB88D-EE21-44C9-867D-73721B56C627}"
EndProject
Global
	GlobalSection(SolutionConfigurationPlatforms) = preSolution
		Debug|Any CPU = Debug|Any CPU
		Release|Any CPU = Release|Any CPU
	EndGlobalSection
	GlobalSection(ProjectConfigurationPlatforms) = postSolution
		{758189CB-4EAE-4BB2-BB32-AB960F705782}.Debug|Any CPU.ActiveCfg = Debug|Any CPU
		{758189CB-4EAE-4BB2-BB32-AB960F705782}.Debug|Any CPU.Build.0 = Debug|Any CPU
		{758189CB-4EAE-4BB2-BB32-AB960F705782}.Release|Any CPU.ActiveCfg = Release|Any CPU
		{758189CB-4EAE-4BB2-BB32-AB960F705782}.Release|Any CPU.Build.0 = Release|Any CPU
		{1FEAB88D-EE21-44C9-867D-73721B56C627}.Debug|Any CPU.ActiveCfg = Debug|Any CPU
		{1FEAB88D-EE21-44C9-867D-73721B56C627}.Debug|Any CPU.Build.0 = Debug|Any CPU
		{1FEAB88D-EE21-44C9-867D-73721B56C627}.Release|Any CPU.ActiveCfg = Release|Any CPU
		{1FEAB88D-EE21-44C9-867D-73721B56C627}.Release|Any CPU.Build.0 = Release|Any CPU
	EndGlobalSection
	GlobalSection(SolutionProperties) = preSolution
		HideSolutionNode = FALSE
	EndGlobalSection
	GlobalSection(ExtensibilityGlobals) = postSolution
		SolutionGuid = {A1B7DA6A-C10B-40B3-AD04-81CA1C9F397C}
	EndGlobalSection
EndGlobal
